
Microsoft Visual Studio Solution File, Format Version 12.00
# Visual Studio 15
VisualStudioVersion = 15.0.27130.2003
MinimumVisualStudioVersion = 10.0.40219.1
Project("{FAE04EC0-301F-11D3-BF4B-00C04F79EFBC}") = "1_3_1_HashTable", "1_3_1_HashTable\1_3_1_HashTable.csproj", "{2721A69F-959C-474C-AC83-96E522E5E19B}"
EndProject
Project("{FAE04EC0-301F-11D3-BF4B-00C04F79EFBC}") = "1_3_1_HashTable_Tests", "1_3_1_HashTable_Tests\1_3_1_HashTable_Tests.csproj", "{95C7357E-B2A9-4BBE-9116-1DC560985680}"
EndProject
Global
	GlobalSection(SolutionConfigurationPlatforms) = preSolution
		Debug|Any CPU = Debug|Any CPU
		Release|Any CPU = Release|Any CPU
	EndGlobalSection
	GlobalSection(ProjectConfigurationPlatforms) = postSolution
		{2721A69F-959C-474C-AC83-96E522E5E19B}.Debug|Any CPU.ActiveCfg = Debug|Any CPU
		{2721A69F-959C-474C-AC83-96E522E5E19B}.Debug|Any CPU.Build.0 = Debug|Any CPU
		{2721A69F-959C-474C-AC83-96E522E5E19B}.Release|Any CPU.ActiveCfg = Release|Any CPU
		{2721A69F-959C-474C-AC83-96E522E5E19B}.Release|Any CPU.Build.0 = Release|Any CPU
		{95C7357E-B2A9-4BBE-9116-1DC560985680}.Debug|Any CPU.ActiveCfg = Debug|Any CPU
		{95C7357E-B2A9-4BBE-9116-1DC560985680}.Debug|Any CPU.Build.0 = Debug|Any CPU
		{95C7357E-B2A9-4BBE-9116-1DC560985680}.Release|Any CPU.ActiveCfg = Release|Any CPU
		{95C7357E-B2A9-4BBE-9116-1DC560985680}.Release|Any CPU.Build.0 = Release|Any CPU
	EndGlobalSection
	GlobalSection(SolutionProperties) = preSolution
		HideSolutionNode = FALSE
	EndGlobalSection
	GlobalSection(ExtensibilityGlobals) = postSolution
		SolutionGuid = {635C2A63-AC90-414E-8278-CAE2599FACA9}
	EndGlobalSection
EndGlobal
